schema: '2.0'
stages:
  training:
    cmd: python src/DimondPricePrediction/pipeline/training_pipeline.py
    deps:
    - path: src/DimondPricePrediction/components/data_ingestion.py
      hash: md5
      md5: 13c0d3cbeaa31e3c381f5ae52e69f8fb
      size: 2166
    - path: src/DimondPricePrediction/components/data_transformation.py
      hash: md5
      md5: 05becd48c10bee9847eaabe75c6b42a8
      size: 4478
    - path: src/DimondPricePrediction/components/model_evaluation.py
      hash: md5
      md5: bbf7419f6805fcf68e30bf43ed3f86c7
      size: 2243
    - path: src/DimondPricePrediction/components/model_trainer.py
      hash: md5
      md5: a507dfdac1e0fd01aa576418010c9f52
      size: 2445
    - path: src/DimondPricePrediction/pipeline/training_pipeline.py
      hash: md5
      md5: 91baf309e6adc3fee29d43274d09d258
      size: 1993
    outs:
    - path: artifacts/model.pkl
      hash: md5
      md5: 081cb909db052673ff2f4c5b9a922244
      size: 490
    - path: artifacts/preprocessor.pkl
      hash: md5
      md5: 6c3c51f708489ddf932e4328a0289655
      size: 3025
    - path: artifacts/raw.csv
      hash: md5
      md5: 14ddfc56c931255ee10d3859d0ac4fc0
      size: 10462804
    - path: artifacts/test.csv
      hash: md5
      md5: f4738911319e0ea8d28497d6be3b733f
      size: 2616099
    - path: artifacts/train.csv
      hash: md5
      md5: 159dbaf3b2638acad6f0ba89604c21cb
      size: 7846756
